{
  "name": "core",
  "version": "1.0.0",
  "lockfileVersion": 1,
  "requires": true,
  "dependencies": {
    "@openzeppelin/contracts": {
      "version": "2.5.1",
      "resolved": "https://registry.npmjs.org/@openzeppelin/contracts/-/contracts-2.5.1.tgz",
      "integrity": "sha512-qIy6tLx8rtybEsIOAlrM4J/85s2q2nPkDqj/Rx46VakBZ0LwtFhXIVub96LXHczQX0vaqmAueDqNPXtbSXSaYQ=="
    },
    "@types/node": {
      "version": "14.14.21",
      "resolved": "https://registry.npmjs.org/@types/node/-/node-14.14.21.tgz",
      "integrity": "sha512-cHYfKsnwllYhjOzuC5q1VpguABBeecUp24yFluHpn/BQaVxB1CuQ1FSRZCzrPxrkIfWISXV2LbeoBthLWg0+0A=="
    }
  }
}
